
Microsoft Visual Studio Solution File, Format Version 12.00
# Visual Studio 14
VisualStudioVersion = 14.0.25420.1
MinimumVisualStudioVersion = 10.0.40219.1
Project("{FAE04EC0-301F-11D3-BF4B-00C04F79EFBC}") = "Payroll", "Payroll.csproj", "{69C7AF33-2EAA-4043-A199-C8396B3A50FF}"
EndProject
Project("{FAE04EC0-301F-11D3-BF4B-00C04F79EFBC}") = "Payroll.Test", "Payroll.Test\Payroll.Test.csproj", "{039B09F3-3510-46DF-BFCF-A01713CFE04C}"
EndProject
Global
	GlobalSection(SolutionConfigurationPlatforms) = preSolution
		Debug|Any CPU = Debug|Any CPU
		Debug|ARM = Debug|ARM
		Debug|x64 = Debug|x64
		Debug|x86 = Debug|x86
		Release|Any CPU = Release|Any CPU
		Release|ARM = Release|ARM
		Release|x64 = Release|x64
		Release|x86 = Release|x86
	EndGlobalSection
	GlobalSection(ProjectConfigurationPlatforms) = postSolution
		{69C7AF33-2EAA-4043-A199-C8396B3A50FF}.Debug|Any CPU.ActiveCfg = Debug|Any CPU
		{69C7AF33-2EAA-4043-A199-C8396B3A50FF}.Debug|Any CPU.Build.0 = Debug|Any CPU
		{69C7AF33-2EAA-4043-A199-C8396B3A50FF}.Debug|ARM.ActiveCfg = Debug|Any CPU
		{69C7AF33-2EAA-4043-A199-C8396B3A50FF}.Debug|ARM.Build.0 = Debug|Any CPU
		{69C7AF33-2EAA-4043-A199-C8396B3A50FF}.Debug|x64.ActiveCfg = Debug|Any CPU
		{69C7AF33-2EAA-4043-A199-C8396B3A50FF}.Debug|x64.Build.0 = Debug|Any CPU
		{69C7AF33-2EAA-4043-A199-C8396B3A50FF}.Debug|x86.ActiveCfg = Debug|Any CPU
		{69C7AF33-2EAA-4043-A199-C8396B3A50FF}.Debug|x86.Build.0 = Debug|Any CPU
		{69C7AF33-2EAA-4043-A199-C8396B3A50FF}.Release|Any CPU.ActiveCfg = Release|Any CPU
		{69C7AF33-2EAA-4043-A199-C8396B3A50FF}.Release|Any CPU.Build.0 = Release|Any CPU
		{69C7AF33-2EAA-4043-A199-C8396B3A50FF}.Release|ARM.ActiveCfg = Release|Any CPU
		{69C7AF33-2EAA-4043-A199-C8396B3A50FF}.Release|ARM.Build.0 = Release|Any CPU
		{69C7AF33-2EAA-4043-A199-C8396B3A50FF}.Release|x64.ActiveCfg = Release|Any CPU
		{69C7AF33-2EAA-4043-A199-C8396B3A50FF}.Release|x64.Build.0 = Release|Any CPU
		{69C7AF33-2EAA-4043-A199-C8396B3A50FF}.Release|x86.ActiveCfg = Release|Any CPU
		{69C7AF33-2EAA-4043-A199-C8396B3A50FF}.Release|x86.Build.0 = Release|Any CPU
		{039B09F3-3510-46DF-BFCF-A01713CFE04C}.Debug|Any CPU.ActiveCfg = Debug|Any CPU
		{039B09F3-3510-46DF-BFCF-A01713CFE04C}.Debug|Any CPU.Build.0 = Debug|Any CPU
		{039B09F3-3510-46DF-BFCF-A01713CFE04C}.Debug|ARM.ActiveCfg = Debug|Any CPU
		{039B09F3-3510-46DF-BFCF-A01713CFE04C}.Debug|ARM.Build.0 = Debug|Any CPU
		{039B09F3-3510-46DF-BFCF-A01713CFE04C}.Debug|x64.ActiveCfg = Debug|Any CPU
		{039B09F3-3510-46DF-BFCF-A01713CFE04C}.Debug|x64.Build.0 = Debug|Any CPU
		{039B09F3-3510-46DF-BFCF-A01713CFE04C}.Debug|x86.ActiveCfg = Debug|Any CPU
		{039B09F3-3510-46DF-BFCF-A01713CFE04C}.Debug|x86.Build.0 = Debug|Any CPU
		{039B09F3-3510-46DF-BFCF-A01713CFE04C}.Release|Any CPU.ActiveCfg = Release|Any CPU
		{039B09F3-3510-46DF-BFCF-A01713CFE04C}.Release|Any CPU.Build.0 = Release|Any CPU
		{039B09F3-3510-46DF-BFCF-A01713CFE04C}.Release|ARM.ActiveCfg = Release|Any CPU
		{039B09F3-3510-46DF-BFCF-A01713CFE04C}.Release|ARM.Build.0 = Release|Any CPU
		{039B09F3-3510-46DF-BFCF-A01713CFE04C}.Release|x64.ActiveCfg = Release|Any CPU
		{039B09F3-3510-46DF-BFCF-A01713CFE04C}.Release|x64.Build.0 = Release|Any CPU
		{039B09F3-3510-46DF-BFCF-A01713CFE04C}.Release|x86.ActiveCfg = Release|Any CPU
		{039B09F3-3510-46DF-BFCF-A01713CFE04C}.Release|x86.Build.0 = Release|Any CPU
	EndGlobalSection
	GlobalSection(SolutionProperties) = preSolution
		HideSolutionNode = FALSE
	EndGlobalSection
EndGlobal
